
Microsoft Visual Studio Solution File, Format Version 12.00
# Visual Studio Version 16
VisualStudioVersion = 16.0.32407.337
MinimumVisualStudioVersion = 10.0.40219.1
Project("{FAE04EC0-301F-11D3-BF4B-00C04F79EFBC}") = "ConsoleApp1", "ConsoleApp1\ConsoleApp1.csproj", "{AF81CBE0-198A-4563-A788-18D3C64A1F38}"
EndProject
Global
	GlobalSection(SolutionConfigurationPlatforms) = preSolution
		Debug|Any CPU = Debug|Any CPU
		Release|Any CPU = Release|Any CPU
	EndGlobalSection
	GlobalSection(ProjectConfigurationPlatforms) = postSolution
		{AF81CBE0-198A-4563-A788-18D3C64A1F38}.Debug|Any CPU.ActiveCfg = Debug|Any CPU
		{AF81CBE0-198A-4563-A788-18D3C64A1F38}.Debug|Any CPU.Build.0 = Debug|Any CPU
		{AF81CBE0-198A-4563-A788-18D3C64A1F38}.Release|Any CPU.ActiveCfg = Release|Any CPU
		{AF81CBE0-198A-4563-A788-18D3C64A1F38}.Release|Any CPU.Build.0 = Release|Any CPU
	EndGlobalSection
	GlobalSection(SolutionProperties) = preSolution
		HideSolutionNode = FALSE
	EndGlobalSection
	GlobalSection(ExtensibilityGlobals) = postSolution
		SolutionGuid = {CFB4214A-A009-4405-8A6E-9015135434B9}
	EndGlobalSection
EndGlobal
